Microsoft Visual Studio Solution File, Format Version 11.00
# Visual Studio 2010
Project("{8BC9CEB8-8B4A-11D0-8D11-00A0C91BC942}") = "InterfacePlug", "InterfacePlug.vcxproj", "{BCEA2114-B450-4D60-BF31-B71872715225}"
EndProject
Global
	GlobalSection(SolutionConfigurationPlatforms) = preSolution
		Debug|Win32 = Debug|Win32
		Release|Win32 = Release|Win32
	EndGlobalSection
	GlobalSection(ProjectConfigurationPlatforms) = postSolution
		{BCEA2114-B450-4D60-BF31-B71872715225}.Debug|Win32.ActiveCfg = Debug|Win32
		{BCEA2114-B450-4D60-BF31-B71872715225}.Debug|Win32.Build.0 = Debug|Win32
		{BCEA2114-B450-4D60-BF31-B71872715225}.Release|Win32.ActiveCfg = Release|Win32
		{BCEA2114-B450-4D60-BF31-B71872715225}.Release|Win32.Build.0 = Release|Win32
	EndGlobalSection
	GlobalSection(SolutionProperties) = preSolution
		HideSolutionNode = FALSE
	EndGlobalSection
EndGlobal
